
Microsoft Visual Studio Solution File, Format Version 12.00
# Visual Studio Version 16
VisualStudioVersion = 16.0.30114.105
MinimumVisualStudioVersion = 10.0.40219.1
Project("{FAE04EC0-301F-11D3-BF4B-00C04F79EFBC}") = "LiLo_Library", "LiLo_Library\LiLo_Library.csproj", "{04B8DD16-3EA8-4045-8D46-E5883236CB8F}"
EndProject
Project("{FAE04EC0-301F-11D3-BF4B-00C04F79EFBC}") = "LiLo_WpfApp", "LiLo_WpfApp\LiLo_WpfApp.csproj", "{5790E02F-0365-4290-94BC-9802A9355ED1}"
EndProject
Project("{FAE04EC0-301F-11D3-BF4B-00C04F79EFBC}") = "LiLoManager_WpfApp", "LiLoManager_WpfApp\LiLoManager_WpfApp.csproj", "{64D0B72C-21DF-4C93-A6C7-FF58C2FC1F63}"
EndProject
Global
	GlobalSection(SolutionConfigurationPlatforms) = preSolution
		Debug|Any CPU = Debug|Any CPU
		Debug|ARM = Debug|ARM
		Debug|ARM64 = Debug|ARM64
		Debug|x64 = Debug|x64
		Debug|x86 = Debug|x86
		Release|Any CPU = Release|Any CPU
		Release|ARM = Release|ARM
		Release|ARM64 = Release|ARM64
		Release|x64 = Release|x64
		Release|x86 = Release|x86
	EndGlobalSection
	GlobalSection(ProjectConfigurationPlatforms) = postSolution
		{04B8DD16-3EA8-4045-8D46-E5883236CB8F}.Debug|Any CPU.ActiveCfg = Debug|Any CPU
		{04B8DD16-3EA8-4045-8D46-E5883236CB8F}.Debug|Any CPU.Build.0 = Debug|Any CPU
		{04B8DD16-3EA8-4045-8D46-E5883236CB8F}.Debug|ARM.ActiveCfg = Debug|Any CPU
		{04B8DD16-3EA8-4045-8D46-E5883236CB8F}.Debug|ARM.Build.0 = Debug|Any CPU
		{04B8DD16-3EA8-4045-8D46-E5883236CB8F}.Debug|ARM64.ActiveCfg = Debug|Any CPU
		{04B8DD16-3EA8-4045-8D46-E5883236CB8F}.Debug|ARM64.Build.0 = Debug|Any CPU
		{04B8DD16-3EA8-4045-8D46-E5883236CB8F}.Debug|x64.ActiveCfg = Debug|Any CPU
		{04B8DD16-3EA8-4045-8D46-E5883236CB8F}.Debug|x64.Build.0 = Debug|Any CPU
		{04B8DD16-3EA8-4045-8D46-E5883236CB8F}.Debug|x86.ActiveCfg = Debug|Any CPU
		{04B8DD16-3EA8-4045-8D46-E5883236CB8F}.Debug|x86.Build.0 = Debug|Any CPU
		{04B8DD16-3EA8-4045-8D46-E5883236CB8F}.Release|Any CPU.ActiveCfg = Release|Any CPU
		{04B8DD16-3EA8-4045-8D46-E5883236CB8F}.Release|Any CPU.Build.0 = Release|Any CPU
		{04B8DD16-3EA8-4045-8D46-E5883236CB8F}.Release|ARM.ActiveCfg = Release|Any CPU
		{04B8DD16-3EA8-4045-8D46-E5883236CB8F}.Release|ARM.Build.0 = Release|Any CPU
		{04B8DD16-3EA8-4045-8D46-E5883236CB8F}.Release|ARM64.ActiveCfg = Release|Any CPU
		{04B8DD16-3EA8-4045-8D46-E5883236CB8F}.Release|ARM64.Build.0 = Release|Any CPU
		{04B8DD16-3EA8-4045-8D46-E5883236CB8F}.Release|x64.ActiveCfg = Release|Any CPU
		{04B8DD16-3EA8-4045-8D46-E5883236CB8F}.Release|x64.Build.0 = Release|Any CPU
		{04B8DD16-3EA8-4045-8D46-E5883236CB8F}.Release|x86.ActiveCfg = Release|Any CPU
		{04B8DD16-3EA8-4045-8D46-E5883236CB8F}.Release|x86.Build.0 = Release|Any CPU
		{5790E02F-0365-4290-94BC-9802A9355ED1}.Debug|Any CPU.ActiveCfg = Debug|Any CPU
		{5790E02F-0365-4290-94BC-9802A9355ED1}.Debug|Any CPU.Build.0 = Debug|Any CPU
		{5790E02F-0365-4290-94BC-9802A9355ED1}.Debug|ARM.ActiveCfg = Debug|Any CPU
		{5790E02F-0365-4290-94BC-9802A9355ED1}.Debug|ARM.Build.0 = Debug|Any CPU
		{5790E02F-0365-4290-94BC-9802A9355ED1}.Debug|ARM64.ActiveCfg = Debug|Any CPU
		{5790E02F-0365-4290-94BC-9802A9355ED1}.Debug|ARM64.Build.0 = Debug|Any CPU
		{5790E02F-0365-4290-94BC-9802A9355ED1}.Debug|x64.ActiveCfg = Debug|Any CPU
		{5790E02F-0365-4290-94BC-9802A9355ED1}.Debug|x64.Build.0 = Debug|Any CPU
		{5790E02F-0365-4290-94BC-9802A9355ED1}.Debug|x86.ActiveCfg = Debug|Any CPU
		{5790E02F-0365-4290-94BC-9802A9355ED1}.Debug|x86.Build.0 = Debug|Any CPU
		{5790E02F-0365-4290-94BC-9802A9355ED1}.Release|Any CPU.ActiveCfg = Release|Any CPU
		{5790E02F-0365-4290-94BC-9802A9355ED1}.Release|Any CPU.Build.0 = Release|Any CPU
		{5790E02F-0365-4290-94BC-9802A9355ED1}.Release|ARM.ActiveCfg = Release|Any CPU
		{5790E02F-0365-4290-94BC-9802A9355ED1}.Release|ARM.Build.0 = Release|Any CPU
		{5790E02F-0365-4290-94BC-9802A9355ED1}.Release|ARM64.ActiveCfg = Release|Any CPU
		{5790E02F-0365-4290-94BC-9802A9355ED1}.Release|ARM64.Build.0 = Release|Any CPU
		{5790E02F-0365-4290-94BC-9802A9355ED1}.Release|x64.ActiveCfg = Release|Any CPU
		{5790E02F-0365-4290-94BC-9802A9355ED1}.Release|x64.Build.0 = Release|Any CPU
		{5790E02F-0365-4290-94BC-9802A9355ED1}.Release|x86.ActiveCfg = Release|Any CPU
		{5790E02F-0365-4290-94BC-9802A9355ED1}.Release|x86.Build.0 = Release|Any CPU
		{64D0B72C-21DF-4C93-A6C7-FF58C2FC1F63}.Debug|Any CPU.ActiveCfg = Debug|Any CPU
		{64D0B72C-21DF-4C93-A6C7-FF58C2FC1F63}.Debug|Any CPU.Build.0 = Debug|Any CPU
		{64D0B72C-21DF-4C93-A6C7-FF58C2FC1F63}.Debug|ARM.ActiveCfg = Debug|Any CPU
		{64D0B72C-21DF-4C93-A6C7-FF58C2FC1F63}.Debug|ARM.Build.0 = Debug|Any CPU
		{64D0B72C-21DF-4C93-A6C7-FF58C2FC1F63}.Debug|ARM64.ActiveCfg = Debug|Any CPU
		{64D0B72C-21DF-4C93-A6C7-FF58C2FC1F63}.Debug|ARM64.Build.0 = Debug|Any CPU
		{64D0B72C-21DF-4C93-A6C7-FF58C2FC1F63}.Debug|x64.ActiveCfg = Debug|Any CPU
		{64D0B72C-21DF-4C93-A6C7-FF58C2FC1F63}.Debug|x64.Build.0 = Debug|Any CPU
		{64D0B72C-21DF-4C93-A6C7-FF58C2FC1F63}.Debug|x86.ActiveCfg = Debug|Any CPU
		{64D0B72C-21DF-4C93-A6C7-FF58C2FC1F63}.Debug|x86.Build.0 = Debug|Any CPU
		{64D0B72C-21DF-4C93-A6C7-FF58C2FC1F63}.Release|Any CPU.ActiveCfg = Release|Any CPU
		{64D0B72C-21DF-4C93-A6C7-FF58C2FC1F63}.Release|Any CPU.Build.0 = Release|Any CPU
		{64D0B72C-21DF-4C93-A6C7-FF58C2FC1F63}.Release|ARM.ActiveCfg = Release|Any CPU
		{64D0B72C-21DF-4C93-A6C7-FF58C2FC1F63}.Release|ARM.Build.0 = Release|Any CPU
		{64D0B72C-21DF-4C93-A6C7-FF58C2FC1F63}.Release|ARM64.ActiveCfg = Release|Any CPU
		{64D0B72C-21DF-4C93-A6C7-FF58C2FC1F63}.Release|ARM64.Build.0 = Release|Any CPU
		{64D0B72C-21DF-4C93-A6C7-FF58C2FC1F63}.Release|x64.ActiveCfg = Release|Any CPU
		{64D0B72C-21DF-4C93-A6C7-FF58C2FC1F63}.Release|x64.Build.0 = Release|Any CPU
		{64D0B72C-21DF-4C93-A6C7-FF58C2FC1F63}.Release|x86.ActiveCfg = Release|Any CPU
		{64D0B72C-21DF-4C93-A6C7-FF58C2FC1F63}.Release|x86.Build.0 = Release|Any CPU
	EndGlobalSection
	GlobalSection(SolutionProperties) = preSolution
		HideSolutionNode = FALSE
	EndGlobalSection
	GlobalSection(ExtensibilityGlobals) = postSolution
		SolutionGuid = {AD7486B7-752C-4975-8055-F61B42235476}
	EndGlobalSection
EndGlobal
